
Microsoft Visual Studio Solution File, Format Version 12.00
# Visual Studio Version 16
VisualStudioVersion = 16.0.31613.86
MinimumVisualStudioVersion = 10.0.40219.1
Project("{9A19103F-16F7-4668-BE54-9A1E7A4F7556}") = "DesignPattern", "DesignPattern\DesignPattern.csproj", "{636994C7-E20E-43AD-A265-C20C09C8388A}"
EndProject
Project("{9A19103F-16F7-4668-BE54-9A1E7A4F7556}") = "Singleton", "Singleton\Singleton.csproj", "{A566DE8A-D605-463E-AD4E-DAF6BF411C11}"
EndProject
Project("{9A19103F-16F7-4668-BE54-9A1E7A4F7556}") = "PrototypePattern", "PrototypePattern\PrototypePattern.csproj", "{0C61DD4B-53B7-4992-B6E8-E50C8B83D40F}"
EndProject
Project("{9A19103F-16F7-4668-BE54-9A1E7A4F7556}") = "FactoryPattern", "FactoryPattern\FactoryPattern.csproj", "{630EFF29-6B0D-432B-9611-955D228357B7}"
EndProject
Project("{FAE04EC0-301F-11D3-BF4B-00C04F79EFBC}") = "AdapterPattern", "AdapterPattern\AdapterPattern.csproj", "{CE3757FB-5609-4D43-A4B5-D0829D12E825}"
EndProject
Global
	GlobalSection(SolutionConfigurationPlatforms) = preSolution
		Debug|Any CPU = Debug|Any CPU
		Release|Any CPU = Release|Any CPU
	EndGlobalSection
	GlobalSection(ProjectConfigurationPlatforms) = postSolution
		{636994C7-E20E-43AD-A265-C20C09C8388A}.Debug|Any CPU.ActiveCfg = Debug|Any CPU
		{636994C7-E20E-43AD-A265-C20C09C8388A}.Debug|Any CPU.Build.0 = Debug|Any CPU
		{636994C7-E20E-43AD-A265-C20C09C8388A}.Release|Any CPU.ActiveCfg = Release|Any CPU
		{636994C7-E20E-43AD-A265-C20C09C8388A}.Release|Any CPU.Build.0 = Release|Any CPU
		{A566DE8A-D605-463E-AD4E-DAF6BF411C11}.Debug|Any CPU.ActiveCfg = Debug|Any CPU
		{A566DE8A-D605-463E-AD4E-DAF6BF411C11}.Debug|Any CPU.Build.0 = Debug|Any CPU
		{A566DE8A-D605-463E-AD4E-DAF6BF411C11}.Release|Any CPU.ActiveCfg = Release|Any CPU
		{A566DE8A-D605-463E-AD4E-DAF6BF411C11}.Release|Any CPU.Build.0 = Release|Any CPU
		{0C61DD4B-53B7-4992-B6E8-E50C8B83D40F}.Debug|Any CPU.ActiveCfg = Debug|Any CPU
		{0C61DD4B-53B7-4992-B6E8-E50C8B83D40F}.Debug|Any CPU.Build.0 = Debug|Any CPU
		{0C61DD4B-53B7-4992-B6E8-E50C8B83D40F}.Release|Any CPU.ActiveCfg = Release|Any CPU
		{0C61DD4B-53B7-4992-B6E8-E50C8B83D40F}.Release|Any CPU.Build.0 = Release|Any CPU
		{630EFF29-6B0D-432B-9611-955D228357B7}.Debug|Any CPU.ActiveCfg = Debug|Any CPU
		{630EFF29-6B0D-432B-9611-955D228357B7}.Debug|Any CPU.Build.0 = Debug|Any CPU
		{630EFF29-6B0D-432B-9611-955D228357B7}.Release|Any CPU.ActiveCfg = Release|Any CPU
		{630EFF29-6B0D-432B-9611-955D228357B7}.Release|Any CPU.Build.0 = Release|Any CPU
		{CE3757FB-5609-4D43-A4B5-D0829D12E825}.Debug|Any CPU.ActiveCfg = Debug|Any CPU
		{CE3757FB-5609-4D43-A4B5-D0829D12E825}.Debug|Any CPU.Build.0 = Debug|Any CPU
		{CE3757FB-5609-4D43-A4B5-D0829D12E825}.Release|Any CPU.ActiveCfg = Release|Any CPU
		{CE3757FB-5609-4D43-A4B5-D0829D12E825}.Release|Any CPU.Build.0 = Release|Any CPU
	EndGlobalSection
	GlobalSection(SolutionProperties) = preSolution
		HideSolutionNode = FALSE
	EndGlobalSection
	GlobalSection(ExtensibilityGlobals) = postSolution
		SolutionGuid = {54E7D6A7-1419-492B-87EF-2EEB3A07CBE5}
	EndGlobalSection
EndGlobal
