
Microsoft Visual Studio Solution File, Format Version 12.00
# Visual Studio 14
VisualStudioVersion = 14.0.25420.1
MinimumVisualStudioVersion = 10.0.40219.1
Project("{FAE04EC0-301F-11D3-BF4B-00C04F79EFBC}") = "JooleMarketPlace.WebPortal", "JooleMarketPlace.WebPortal\JooleMarketPlace.WebPortal.csproj", "{77D9A846-7BD7-4029-AA5E-6BB4472F872B}"
EndProject
Project("{FAE04EC0-301F-11D3-BF4B-00C04F79EFBC}") = "JooleMarketPlace.WebPortal.Tests", "JooleMarketPlace.WebPortal.Tests\JooleMarketPlace.WebPortal.Tests.csproj", "{B9D6CBBA-86DA-4FF3-B78B-E03F74F27E9F}"
EndProject
Project("{FAE04EC0-301F-11D3-BF4B-00C04F79EFBC}") = "JooleMarketPlace.WebAPI", "JooleMarketPlace.WebAPI\JooleMarketPlace.WebAPI.csproj", "{9A176DA4-F880-481F-A636-DC8C7CB132D8}"
EndProject
Project("{FAE04EC0-301F-11D3-BF4B-00C04F79EFBC}") = "JooleMarketPlace.WebAPI.Tests", "JooleMarketPlace.WebAPI.Tests\JooleMarketPlace.WebAPI.Tests.csproj", "{6A8B814E-EB07-4B08-8198-ABFB9320AC12}"
EndProject
Global
	GlobalSection(SolutionConfigurationPlatforms) = preSolution
		Debug|Any CPU = Debug|Any CPU
		Release|Any CPU = Release|Any CPU
	EndGlobalSection
	GlobalSection(ProjectConfigurationPlatforms) = postSolution
		{77D9A846-7BD7-4029-AA5E-6BB4472F872B}.Debug|Any CPU.ActiveCfg = Debug|Any CPU
		{77D9A846-7BD7-4029-AA5E-6BB4472F872B}.Debug|Any CPU.Build.0 = Debug|Any CPU
		{77D9A846-7BD7-4029-AA5E-6BB4472F872B}.Release|Any CPU.ActiveCfg = Release|Any CPU
		{77D9A846-7BD7-4029-AA5E-6BB4472F872B}.Release|Any CPU.Build.0 = Release|Any CPU
		{B9D6CBBA-86DA-4FF3-B78B-E03F74F27E9F}.Debug|Any CPU.ActiveCfg = Debug|Any CPU
		{B9D6CBBA-86DA-4FF3-B78B-E03F74F27E9F}.Debug|Any CPU.Build.0 = Debug|Any CPU
		{B9D6CBBA-86DA-4FF3-B78B-E03F74F27E9F}.Release|Any CPU.ActiveCfg = Release|Any CPU
		{B9D6CBBA-86DA-4FF3-B78B-E03F74F27E9F}.Release|Any CPU.Build.0 = Release|Any CPU
		{9A176DA4-F880-481F-A636-DC8C7CB132D8}.Debug|Any CPU.ActiveCfg = Debug|Any CPU
		{9A176DA4-F880-481F-A636-DC8C7CB132D8}.Debug|Any CPU.Build.0 = Debug|Any CPU
		{9A176DA4-F880-481F-A636-DC8C7CB132D8}.Release|Any CPU.ActiveCfg = Release|Any CPU
		{9A176DA4-F880-481F-A636-DC8C7CB132D8}.Release|Any CPU.Build.0 = Release|Any CPU
		{6A8B814E-EB07-4B08-8198-ABFB9320AC12}.Debug|Any CPU.ActiveCfg = Debug|Any CPU
		{6A8B814E-EB07-4B08-8198-ABFB9320AC12}.Debug|Any CPU.Build.0 = Debug|Any CPU
		{6A8B814E-EB07-4B08-8198-ABFB9320AC12}.Release|Any CPU.ActiveCfg = Release|Any CPU
		{6A8B814E-EB07-4B08-8198-ABFB9320AC12}.Release|Any CPU.Build.0 = Release|Any CPU
	EndGlobalSection
	GlobalSection(SolutionProperties) = preSolution
		HideSolutionNode = FALSE
	EndGlobalSection
EndGlobal
