
Microsoft Visual Studio Solution File, Format Version 12.00
# Visual Studio Version 16
VisualStudioVersion = 16.0.30128.74
MinimumVisualStudioVersion = 10.0.40219.1
Project("{FAE04EC0-301F-11D3-BF4B-00C04F79EFBC}") = "ReflectionDemo", "ReflectionDemo\ReflectionDemo.csproj", "{F44123CB-3486-4A26-AB67-FFE16AEED243}"
EndProject
Project("{FAE04EC0-301F-11D3-BF4B-00C04F79EFBC}") = "PrintAll", "PrintAll\PrintAll.csproj", "{A126D0E0-F6E7-46A7-8331-652C1E622313}"
EndProject
Global
	GlobalSection(SolutionConfigurationPlatforms) = preSolution
		Debug|Any CPU = Debug|Any CPU
		Release|Any CPU = Release|Any CPU
	EndGlobalSection
	GlobalSection(ProjectConfigurationPlatforms) = postSolution
		{F44123CB-3486-4A26-AB67-FFE16AEED243}.Debug|Any CPU.ActiveCfg = Debug|Any CPU
		{F44123CB-3486-4A26-AB67-FFE16AEED243}.Debug|Any CPU.Build.0 = Debug|Any CPU
		{F44123CB-3486-4A26-AB67-FFE16AEED243}.Release|Any CPU.ActiveCfg = Release|Any CPU
		{F44123CB-3486-4A26-AB67-FFE16AEED243}.Release|Any CPU.Build.0 = Release|Any CPU
		{A126D0E0-F6E7-46A7-8331-652C1E622313}.Debug|Any CPU.ActiveCfg = Debug|Any CPU
		{A126D0E0-F6E7-46A7-8331-652C1E622313}.Debug|Any CPU.Build.0 = Debug|Any CPU
		{A126D0E0-F6E7-46A7-8331-652C1E622313}.Release|Any CPU.ActiveCfg = Release|Any CPU
		{A126D0E0-F6E7-46A7-8331-652C1E622313}.Release|Any CPU.Build.0 = Release|Any CPU
	EndGlobalSection
	GlobalSection(SolutionProperties) = preSolution
		HideSolutionNode = FALSE
	EndGlobalSection
	GlobalSection(ExtensibilityGlobals) = postSolution
		SolutionGuid = {BBA3E9A7-14C9-449E-9A24-870CFAD72994}
	EndGlobalSection
EndGlobal
