
Microsoft Visual Studio Solution File, Format Version 12.00
# Visual Studio Version 16
VisualStudioVersion = 16.0.28803.202
MinimumVisualStudioVersion = 10.0.40219.1
Project("{FAE04EC0-301F-11D3-BF4B-00C04F79EFBC}") = "EmployeeManagement", "EmployeeManagement\EmployeeManagement.csproj", "{1B3D8E33-790D-4ADD-98F7-429B3CAF35A3}"
EndProject
Global
	GlobalSection(SolutionConfigurationPlatforms) = preSolution
		Debug|Any CPU = Debug|Any CPU
		Release|Any CPU = Release|Any CPU
	EndGlobalSection
	GlobalSection(ProjectConfigurationPlatforms) = postSolution
		{1B3D8E33-790D-4ADD-98F7-429B3CAF35A3}.Debug|Any CPU.ActiveCfg = Debug|Any CPU
		{1B3D8E33-790D-4ADD-98F7-429B3CAF35A3}.Debug|Any CPU.Build.0 = Debug|Any CPU
		{1B3D8E33-790D-4ADD-98F7-429B3CAF35A3}.Release|Any CPU.ActiveCfg = Release|Any CPU
		{1B3D8E33-790D-4ADD-98F7-429B3CAF35A3}.Release|Any CPU.Build.0 = Release|Any CPU
	EndGlobalSection
	GlobalSection(SolutionProperties) = preSolution
		HideSolutionNode = FALSE
	EndGlobalSection
	GlobalSection(ExtensibilityGlobals) = postSolution
		SolutionGuid = {7A1DCEE2-EB99-4257-8130-F14F8D0619FA}
	EndGlobalSection
EndGlobal
