
Microsoft Visual Studio Solution File, Format Version 12.00
# Visual Studio Version 16
VisualStudioVersion = 16.0.28803.202
MinimumVisualStudioVersion = 10.0.40219.1
Project("{9A19103F-16F7-4668-BE54-9A1E7A4F7556}") = "EmployeeManagementWeb", "EmployeeManagementWeb\EmployeeManagementWeb.csproj", "{36139329-E52D-452F-AA10-F7E87A9123EA}"
EndProject
Project("{FAE04EC0-301F-11D3-BF4B-00C04F79EFBC}") = "EmployeeManagement.DataAccess", "EmployeeManagement.DataAccess\EmployeeManagement.DataAccess.csproj", "{4C69A145-338C-4BC2-BED4-7AF86C278238}"
EndProject
Global
	GlobalSection(SolutionConfigurationPlatforms) = preSolution
		Debug|Any CPU = Debug|Any CPU
		Release|Any CPU = Release|Any CPU
	EndGlobalSection
	GlobalSection(ProjectConfigurationPlatforms) = postSolution
		{36139329-E52D-452F-AA10-F7E87A9123EA}.Debug|Any CPU.ActiveCfg = Debug|Any CPU
		{36139329-E52D-452F-AA10-F7E87A9123EA}.Debug|Any CPU.Build.0 = Debug|Any CPU
		{36139329-E52D-452F-AA10-F7E87A9123EA}.Release|Any CPU.ActiveCfg = Release|Any CPU
		{36139329-E52D-452F-AA10-F7E87A9123EA}.Release|Any CPU.Build.0 = Release|Any CPU
		{4C69A145-338C-4BC2-BED4-7AF86C278238}.Debug|Any CPU.ActiveCfg = Debug|Any CPU
		{4C69A145-338C-4BC2-BED4-7AF86C278238}.Debug|Any CPU.Build.0 = Debug|Any CPU
		{4C69A145-338C-4BC2-BED4-7AF86C278238}.Release|Any CPU.ActiveCfg = Release|Any CPU
		{4C69A145-338C-4BC2-BED4-7AF86C278238}.Release|Any CPU.Build.0 = Release|Any CPU
	EndGlobalSection
	GlobalSection(SolutionProperties) = preSolution
		HideSolutionNode = FALSE
	EndGlobalSection
	GlobalSection(ExtensibilityGlobals) = postSolution
		SolutionGuid = {822B363C-8071-4BBA-A3DF-DBF33A3218F1}
	EndGlobalSection
EndGlobal
