
Microsoft Visual Studio Solution File, Format Version 12.00
# Visual Studio Version 17
VisualStudioVersion = 17.4.33110.190
MinimumVisualStudioVersion = 10.0.40219.1
Project("{FAE04EC0-301F-11D3-BF4B-00C04F79EFBC}") = "StartUpDemo", "StartUpDemo\StartUpDemo.csproj", "{27A93FB8-7352-4236-AA95-A7FD449CD4DD}"
EndProject
Project("{FAE04EC0-301F-11D3-BF4B-00C04F79EFBC}") = "DI", "DI\DI.csproj", "{DA204A17-E6ED-4C6C-8429-59CC886FC6AA}"
EndProject
Project("{FAE04EC0-301F-11D3-BF4B-00C04F79EFBC}") = "ScopeDisposal", "ScopeDisposal\ScopeDisposal.csproj", "{8395E23D-75A8-49F4-904D-03646C33EE2C}"
EndProject
Project("{FAE04EC0-301F-11D3-BF4B-00C04F79EFBC}") = "AutofacPractice", "Autofac\AutofacPractice.csproj", "{F5FF805B-83B6-4649-880B-092B0F461060}"
EndProject
Project("{FAE04EC0-301F-11D3-BF4B-00C04F79EFBC}") = "Configuration", "Configuration\Configuration.csproj", "{690957D8-3B00-492B-B455-ED0709333FDB}"
EndProject
Project("{FAE04EC0-301F-11D3-BF4B-00C04F79EFBC}") = "CommindLineConfigDemo", "CommindLineConfigDemo\CommindLineConfigDemo.csproj", "{AF0CD1E7-EB04-491E-B36E-C8DD175A322E}"
EndProject
Global
	GlobalSection(SolutionConfigurationPlatforms) = preSolution
		Debug|Any CPU = Debug|Any CPU
		Release|Any CPU = Release|Any CPU
	EndGlobalSection
	GlobalSection(ProjectConfigurationPlatforms) = postSolution
		{27A93FB8-7352-4236-AA95-A7FD449CD4DD}.Debug|Any CPU.ActiveCfg = Debug|Any CPU
		{27A93FB8-7352-4236-AA95-A7FD449CD4DD}.Debug|Any CPU.Build.0 = Debug|Any CPU
		{27A93FB8-7352-4236-AA95-A7FD449CD4DD}.Release|Any CPU.ActiveCfg = Release|Any CPU
		{27A93FB8-7352-4236-AA95-A7FD449CD4DD}.Release|Any CPU.Build.0 = Release|Any CPU
		{DA204A17-E6ED-4C6C-8429-59CC886FC6AA}.Debug|Any CPU.ActiveCfg = Debug|Any CPU
		{DA204A17-E6ED-4C6C-8429-59CC886FC6AA}.Debug|Any CPU.Build.0 = Debug|Any CPU
		{DA204A17-E6ED-4C6C-8429-59CC886FC6AA}.Release|Any CPU.ActiveCfg = Release|Any CPU
		{DA204A17-E6ED-4C6C-8429-59CC886FC6AA}.Release|Any CPU.Build.0 = Release|Any CPU
		{8395E23D-75A8-49F4-904D-03646C33EE2C}.Debug|Any CPU.ActiveCfg = Debug|Any CPU
		{8395E23D-75A8-49F4-904D-03646C33EE2C}.Debug|Any CPU.Build.0 = Debug|Any CPU
		{8395E23D-75A8-49F4-904D-03646C33EE2C}.Release|Any CPU.ActiveCfg = Release|Any CPU
		{8395E23D-75A8-49F4-904D-03646C33EE2C}.Release|Any CPU.Build.0 = Release|Any CPU
		{F5FF805B-83B6-4649-880B-092B0F461060}.Debug|Any CPU.ActiveCfg = Debug|Any CPU
		{F5FF805B-83B6-4649-880B-092B0F461060}.Debug|Any CPU.Build.0 = Debug|Any CPU
		{F5FF805B-83B6-4649-880B-092B0F461060}.Release|Any CPU.ActiveCfg = Release|Any CPU
		{F5FF805B-83B6-4649-880B-092B0F461060}.Release|Any CPU.Build.0 = Release|Any CPU
		{690957D8-3B00-492B-B455-ED0709333FDB}.Debug|Any CPU.ActiveCfg = Debug|Any CPU
		{690957D8-3B00-492B-B455-ED0709333FDB}.Debug|Any CPU.Build.0 = Debug|Any CPU
		{690957D8-3B00-492B-B455-ED0709333FDB}.Release|Any CPU.ActiveCfg = Release|Any CPU
		{690957D8-3B00-492B-B455-ED0709333FDB}.Release|Any CPU.Build.0 = Release|Any CPU
		{AF0CD1E7-EB04-491E-B36E-C8DD175A322E}.Debug|Any CPU.ActiveCfg = Debug|Any CPU
		{AF0CD1E7-EB04-491E-B36E-C8DD175A322E}.Debug|Any CPU.Build.0 = Debug|Any CPU
		{AF0CD1E7-EB04-491E-B36E-C8DD175A322E}.Release|Any CPU.ActiveCfg = Release|Any CPU
		{AF0CD1E7-EB04-491E-B36E-C8DD175A322E}.Release|Any CPU.Build.0 = Release|Any CPU
	EndGlobalSection
	GlobalSection(SolutionProperties) = preSolution
		HideSolutionNode = FALSE
	EndGlobalSection
	GlobalSection(ExtensibilityGlobals) = postSolution
		SolutionGuid = {42D39885-69CB-4309-B0EF-D0AF59820B0B}
	EndGlobalSection
EndGlobal
