
Microsoft Visual Studio Solution File, Format Version 12.00
# Visual Studio Version 17
VisualStudioVersion = 17.0.32112.339
MinimumVisualStudioVersion = 10.0.40219.1
Project("{FAE04EC0-301F-11D3-BF4B-00C04F79EFBC}") = "LinqDemo", "LinqDemo\LinqDemo.csproj", "{EE9E0915-4141-4EE2-BA9A-41F1FFC07C12}"
EndProject
Project("{FAE04EC0-301F-11D3-BF4B-00C04F79EFBC}") = "LinqDemo.Tests", "LinqDemo.Tests\LinqDemo.Tests.csproj", "{31B2E472-8472-4716-9D08-BB5959FFE6E4}"
EndProject
Global
	GlobalSection(SolutionConfigurationPlatforms) = preSolution
		Debug|Any CPU = Debug|Any CPU
		Release|Any CPU = Release|Any CPU
	EndGlobalSection
	GlobalSection(ProjectConfigurationPlatforms) = postSolution
		{EE9E0915-4141-4EE2-BA9A-41F1FFC07C12}.Debug|Any CPU.ActiveCfg = Debug|Any CPU
		{EE9E0915-4141-4EE2-BA9A-41F1FFC07C12}.Debug|Any CPU.Build.0 = Debug|Any CPU
		{EE9E0915-4141-4EE2-BA9A-41F1FFC07C12}.Release|Any CPU.ActiveCfg = Release|Any CPU
		{EE9E0915-4141-4EE2-BA9A-41F1FFC07C12}.Release|Any CPU.Build.0 = Release|Any CPU
		{31B2E472-8472-4716-9D08-BB5959FFE6E4}.Debug|Any CPU.ActiveCfg = Debug|Any CPU
		{31B2E472-8472-4716-9D08-BB5959FFE6E4}.Debug|Any CPU.Build.0 = Debug|Any CPU
		{31B2E472-8472-4716-9D08-BB5959FFE6E4}.Release|Any CPU.ActiveCfg = Release|Any CPU
		{31B2E472-8472-4716-9D08-BB5959FFE6E4}.Release|Any CPU.Build.0 = Release|Any CPU
	EndGlobalSection
	GlobalSection(SolutionProperties) = preSolution
		HideSolutionNode = FALSE
	EndGlobalSection
	GlobalSection(ExtensibilityGlobals) = postSolution
		SolutionGuid = {E9FC5F2E-2CC9-4F32-ACA0-AB27B1B4042A}
	EndGlobalSection
EndGlobal
