
Microsoft Visual Studio Solution File, Format Version 12.00
# Visual Studio Version 17
VisualStudioVersion = 17.1.32228.430
MinimumVisualStudioVersion = 10.0.40219.1
Project("{FAE04EC0-301F-11D3-BF4B-00C04F79EFBC}") = "TestNinja", "TestNinja\TestNinja.csproj", "{605ADAE2-CE2C-4D7C-94DF-7E1797F13976}"
EndProject
Project("{FAE04EC0-301F-11D3-BF4B-00C04F79EFBC}") = "TestNinja.UnitTest", "TestNinja.UnitTest\TestNinja.UnitTest.csproj", "{D42BE2D5-0A60-4B80-B3A4-93EF3FF68B53}"
EndProject
Global
	GlobalSection(SolutionConfigurationPlatforms) = preSolution
		Debug|Any CPU = Debug|Any CPU
		Release|Any CPU = Release|Any CPU
	EndGlobalSection
	GlobalSection(ProjectConfigurationPlatforms) = postSolution
		{605ADAE2-CE2C-4D7C-94DF-7E1797F13976}.Debug|Any CPU.ActiveCfg = Debug|Any CPU
		{605ADAE2-CE2C-4D7C-94DF-7E1797F13976}.Debug|Any CPU.Build.0 = Debug|Any CPU
		{605ADAE2-CE2C-4D7C-94DF-7E1797F13976}.Release|Any CPU.ActiveCfg = Release|Any CPU
		{605ADAE2-CE2C-4D7C-94DF-7E1797F13976}.Release|Any CPU.Build.0 = Release|Any CPU
		{D42BE2D5-0A60-4B80-B3A4-93EF3FF68B53}.Debug|Any CPU.ActiveCfg = Debug|Any CPU
		{D42BE2D5-0A60-4B80-B3A4-93EF3FF68B53}.Debug|Any CPU.Build.0 = Debug|Any CPU
		{D42BE2D5-0A60-4B80-B3A4-93EF3FF68B53}.Release|Any CPU.ActiveCfg = Release|Any CPU
		{D42BE2D5-0A60-4B80-B3A4-93EF3FF68B53}.Release|Any CPU.Build.0 = Release|Any CPU
	EndGlobalSection
	GlobalSection(SolutionProperties) = preSolution
		HideSolutionNode = FALSE
	EndGlobalSection
	GlobalSection(ExtensibilityGlobals) = postSolution
		SolutionGuid = {545D62E4-3330-46E5-B945-C083D4DD50F5}
	EndGlobalSection
EndGlobal
