
Microsoft Visual Studio Solution File, Format Version 12.00
# Visual Studio Version 16
VisualStudioVersion = 16.0.31613.86
MinimumVisualStudioVersion = 10.0.40219.1
Project("{FAE04EC0-301F-11D3-BF4B-00C04F79EFBC}") = "IOCUnity", "IOCUnity\IOCUnity.csproj", "{347A111A-ADD6-4B6D-9CD3-38EC84215191}"
EndProject
Global
	GlobalSection(SolutionConfigurationPlatforms) = preSolution
		Debug|Any CPU = Debug|Any CPU
		Release|Any CPU = Release|Any CPU
	EndGlobalSection
	GlobalSection(ProjectConfigurationPlatforms) = postSolution
		{347A111A-ADD6-4B6D-9CD3-38EC84215191}.Debug|Any CPU.ActiveCfg = Debug|Any CPU
		{347A111A-ADD6-4B6D-9CD3-38EC84215191}.Debug|Any CPU.Build.0 = Debug|Any CPU
		{347A111A-ADD6-4B6D-9CD3-38EC84215191}.Release|Any CPU.ActiveCfg = Release|Any CPU
		{347A111A-ADD6-4B6D-9CD3-38EC84215191}.Release|Any CPU.Build.0 = Release|Any CPU
	EndGlobalSection
	GlobalSection(SolutionProperties) = preSolution
		HideSolutionNode = FALSE
	EndGlobalSection
	GlobalSection(ExtensibilityGlobals) = postSolution
		SolutionGuid = {91010E99-7E41-45F7-BBC4-B4713A2B5D7E}
	EndGlobalSection
EndGlobal
