
Microsoft Visual Studio Solution File, Format Version 12.00
# Visual Studio Version 16
VisualStudioVersion = 16.0.31613.86
MinimumVisualStudioVersion = 10.0.40219.1
Project("{FAE04EC0-301F-11D3-BF4B-00C04F79EFBC}") = "DIP", "DIP\DIP.csproj", "{95B6916B-E740-4A37-AB23-69EC737DB3E0}"
EndProject
Project("{FAE04EC0-301F-11D3-BF4B-00C04F79EFBC}") = "DAL", "DAL\DAL.csproj", "{BBA3C59E-6E44-4B28-8FFA-9C510F5B63D3}"
EndProject
Project("{FAE04EC0-301F-11D3-BF4B-00C04F79EFBC}") = "BLL", "BLL\BLL.csproj", "{57BCB7BF-B8C8-4C86-8908-252DDEB31EBD}"
EndProject
Project("{FAE04EC0-301F-11D3-BF4B-00C04F79EFBC}") = "IBLL", "IBLL\IBLL.csproj", "{9D5EBD04-C640-4D27-A78A-EF3C534AE060}"
EndProject
Project("{FAE04EC0-301F-11D3-BF4B-00C04F79EFBC}") = "IDAL", "IDAL\IDAL.csproj", "{DC34394F-55F8-42FA-B320-9185B1C37C54}"
EndProject
Project("{FAE04EC0-301F-11D3-BF4B-00C04F79EFBC}") = "Factory", "Factory\Factory.csproj", "{16E7A694-4BEB-474D-96D8-0B7AD6AD1AB6}"
EndProject
Global
	GlobalSection(SolutionConfigurationPlatforms) = preSolution
		Debug|Any CPU = Debug|Any CPU
		Release|Any CPU = Release|Any CPU
	EndGlobalSection
	GlobalSection(ProjectConfigurationPlatforms) = postSolution
		{95B6916B-E740-4A37-AB23-69EC737DB3E0}.Debug|Any CPU.ActiveCfg = Debug|Any CPU
		{95B6916B-E740-4A37-AB23-69EC737DB3E0}.Debug|Any CPU.Build.0 = Debug|Any CPU
		{95B6916B-E740-4A37-AB23-69EC737DB3E0}.Release|Any CPU.ActiveCfg = Release|Any CPU
		{95B6916B-E740-4A37-AB23-69EC737DB3E0}.Release|Any CPU.Build.0 = Release|Any CPU
		{BBA3C59E-6E44-4B28-8FFA-9C510F5B63D3}.Debug|Any CPU.ActiveCfg = Debug|Any CPU
		{BBA3C59E-6E44-4B28-8FFA-9C510F5B63D3}.Debug|Any CPU.Build.0 = Debug|Any CPU
		{BBA3C59E-6E44-4B28-8FFA-9C510F5B63D3}.Release|Any CPU.ActiveCfg = Release|Any CPU
		{BBA3C59E-6E44-4B28-8FFA-9C510F5B63D3}.Release|Any CPU.Build.0 = Release|Any CPU
		{57BCB7BF-B8C8-4C86-8908-252DDEB31EBD}.Debug|Any CPU.ActiveCfg = Debug|Any CPU
		{57BCB7BF-B8C8-4C86-8908-252DDEB31EBD}.Debug|Any CPU.Build.0 = Debug|Any CPU
		{57BCB7BF-B8C8-4C86-8908-252DDEB31EBD}.Release|Any CPU.ActiveCfg = Release|Any CPU
		{57BCB7BF-B8C8-4C86-8908-252DDEB31EBD}.Release|Any CPU.Build.0 = Release|Any CPU
		{9D5EBD04-C640-4D27-A78A-EF3C534AE060}.Debug|Any CPU.ActiveCfg = Debug|Any CPU
		{9D5EBD04-C640-4D27-A78A-EF3C534AE060}.Debug|Any CPU.Build.0 = Debug|Any CPU
		{9D5EBD04-C640-4D27-A78A-EF3C534AE060}.Release|Any CPU.ActiveCfg = Release|Any CPU
		{9D5EBD04-C640-4D27-A78A-EF3C534AE060}.Release|Any CPU.Build.0 = Release|Any CPU
		{DC34394F-55F8-42FA-B320-9185B1C37C54}.Debug|Any CPU.ActiveCfg = Debug|Any CPU
		{DC34394F-55F8-42FA-B320-9185B1C37C54}.Debug|Any CPU.Build.0 = Debug|Any CPU
		{DC34394F-55F8-42FA-B320-9185B1C37C54}.Release|Any CPU.ActiveCfg = Release|Any CPU
		{DC34394F-55F8-42FA-B320-9185B1C37C54}.Release|Any CPU.Build.0 = Release|Any CPU
		{16E7A694-4BEB-474D-96D8-0B7AD6AD1AB6}.Debug|Any CPU.ActiveCfg = Debug|Any CPU
		{16E7A694-4BEB-474D-96D8-0B7AD6AD1AB6}.Debug|Any CPU.Build.0 = Debug|Any CPU
		{16E7A694-4BEB-474D-96D8-0B7AD6AD1AB6}.Release|Any CPU.ActiveCfg = Release|Any CPU
		{16E7A694-4BEB-474D-96D8-0B7AD6AD1AB6}.Release|Any CPU.Build.0 = Release|Any CPU
	EndGlobalSection
	GlobalSection(SolutionProperties) = preSolution
		HideSolutionNode = FALSE
	EndGlobalSection
	GlobalSection(ExtensibilityGlobals) = postSolution
		SolutionGuid = {64FEF32A-A5D6-403E-8734-C92F156491FD}
	EndGlobalSection
EndGlobal
