
Microsoft Visual Studio Solution File, Format Version 12.00
# Visual Studio Version 16
VisualStudioVersion = 16.0.31613.86
MinimumVisualStudioVersion = 10.0.40219.1
Project("{FAE04EC0-301F-11D3-BF4B-00C04F79EFBC}") = "DesignPatternPrinciple", "DesignPatternPrinciple\DesignPatternPrinciple.csproj", "{1C065DB7-3035-43CF-85F4-0E42746816C9}"
EndProject
Global
	GlobalSection(SolutionConfigurationPlatforms) = preSolution
		Debug|Any CPU = Debug|Any CPU
		Release|Any CPU = Release|Any CPU
	EndGlobalSection
	GlobalSection(ProjectConfigurationPlatforms) = postSolution
		{1C065DB7-3035-43CF-85F4-0E42746816C9}.Debug|Any CPU.ActiveCfg = Debug|Any CPU
		{1C065DB7-3035-43CF-85F4-0E42746816C9}.Debug|Any CPU.Build.0 = Debug|Any CPU
		{1C065DB7-3035-43CF-85F4-0E42746816C9}.Release|Any CPU.ActiveCfg = Release|Any CPU
		{1C065DB7-3035-43CF-85F4-0E42746816C9}.Release|Any CPU.Build.0 = Release|Any CPU
	EndGlobalSection
	GlobalSection(SolutionProperties) = preSolution
		HideSolutionNode = FALSE
	EndGlobalSection
	GlobalSection(ExtensibilityGlobals) = postSolution
		SolutionGuid = {949F1B2B-AEBE-4E89-8BB0-A928D9B197AE}
	EndGlobalSection
EndGlobal
