
Microsoft Visual Studio Solution File, Format Version 12.00
# Visual Studio Version 16
VisualStudioVersion = 16.0.30128.74
MinimumVisualStudioVersion = 10.0.40219.1
Project("{FAE04EC0-301F-11D3-BF4B-00C04F79EFBC}") = "JWTDemo", "JWTDemo\JWTDemo.csproj", "{CCE54619-4595-4E1C-96F6-6B2585EDEDCE}"
EndProject
Global
	GlobalSection(SolutionConfigurationPlatforms) = preSolution
		Debug|Any CPU = Debug|Any CPU
		Release|Any CPU = Release|Any CPU
	EndGlobalSection
	GlobalSection(ProjectConfigurationPlatforms) = postSolution
		{CCE54619-4595-4E1C-96F6-6B2585EDEDCE}.Debug|Any CPU.ActiveCfg = Debug|Any CPU
		{CCE54619-4595-4E1C-96F6-6B2585EDEDCE}.Debug|Any CPU.Build.0 = Debug|Any CPU
		{CCE54619-4595-4E1C-96F6-6B2585EDEDCE}.Release|Any CPU.ActiveCfg = Release|Any CPU
		{CCE54619-4595-4E1C-96F6-6B2585EDEDCE}.Release|Any CPU.Build.0 = Release|Any CPU
	EndGlobalSection
	GlobalSection(SolutionProperties) = preSolution
		HideSolutionNode = FALSE
	EndGlobalSection
	GlobalSection(ExtensibilityGlobals) = postSolution
		SolutionGuid = {33C03CED-E56D-4681-9179-6ADE7AB2FFAE}
	EndGlobalSection
EndGlobal
