
Microsoft Visual Studio Solution File, Format Version 12.00
# Visual Studio Version 16
VisualStudioVersion = 16.0.30128.74
MinimumVisualStudioVersion = 10.0.40219.1
Project("{FAE04EC0-301F-11D3-BF4B-00C04F79EFBC}") = "SwaggerDemo", "SwaggerDemo\SwaggerDemo.csproj", "{3BF6B1E1-D6FE-4B1F-9CDD-1D4EC6FE23DA}"
EndProject
Global
	GlobalSection(SolutionConfigurationPlatforms) = preSolution
		Debug|Any CPU = Debug|Any CPU
		Release|Any CPU = Release|Any CPU
	EndGlobalSection
	GlobalSection(ProjectConfigurationPlatforms) = postSolution
		{3BF6B1E1-D6FE-4B1F-9CDD-1D4EC6FE23DA}.Debug|Any CPU.ActiveCfg = Debug|Any CPU
		{3BF6B1E1-D6FE-4B1F-9CDD-1D4EC6FE23DA}.Debug|Any CPU.Build.0 = Debug|Any CPU
		{3BF6B1E1-D6FE-4B1F-9CDD-1D4EC6FE23DA}.Release|Any CPU.ActiveCfg = Release|Any CPU
		{3BF6B1E1-D6FE-4B1F-9CDD-1D4EC6FE23DA}.Release|Any CPU.Build.0 = Release|Any CPU
	EndGlobalSection
	GlobalSection(SolutionProperties) = preSolution
		HideSolutionNode = FALSE
	EndGlobalSection
	GlobalSection(ExtensibilityGlobals) = postSolution
		SolutionGuid = {D45841EA-D744-49A8-827F-0CC5A2A6EADE}
	EndGlobalSection
EndGlobal
