
Microsoft Visual Studio Solution File, Format Version 12.00
# Visual Studio 14
VisualStudioVersion = 14.0.25420.1
MinimumVisualStudioVersion = 10.0.40219.1
Project("{2150E333-8FDC-42A3-9474-1A3956D46DE8}") = "src", "src", "{B4AD358D-E50E-45C8-A1CB-5BB71C66477C}"
EndProject
Project("{2150E333-8FDC-42A3-9474-1A3956D46DE8}") = "Solution Items", "Solution Items", "{24F39D09-BE5D-4B13-A682-EC4397E301D3}"
	ProjectSection(SolutionItems) = preProject
		global.json = global.json
	EndProjectSection
EndProject
Project("{8BB2217D-0F2D-49D1-97BC-3654ED321F3B}") = "EmployeeManagement", "src\EmployeeManagement\EmployeeManagement.xproj", "{B735EE38-9619-440D-8FED-02DC1014DCE8}"
EndProject
Global
	GlobalSection(SolutionConfigurationPlatforms) = preSolution
		Debug|Any CPU = Debug|Any CPU
		Release|Any CPU = Release|Any CPU
	EndGlobalSection
	GlobalSection(ProjectConfigurationPlatforms) = postSolution
		{B735EE38-9619-440D-8FED-02DC1014DCE8}.Debug|Any CPU.ActiveCfg = Debug|Any CPU
		{B735EE38-9619-440D-8FED-02DC1014DCE8}.Debug|Any CPU.Build.0 = Debug|Any CPU
		{B735EE38-9619-440D-8FED-02DC1014DCE8}.Release|Any CPU.ActiveCfg = Release|Any CPU
		{B735EE38-9619-440D-8FED-02DC1014DCE8}.Release|Any CPU.Build.0 = Release|Any CPU
	EndGlobalSection
	GlobalSection(SolutionProperties) = preSolution
		HideSolutionNode = FALSE
	EndGlobalSection
	GlobalSection(NestedProjects) = preSolution
		{B735EE38-9619-440D-8FED-02DC1014DCE8} = {B4AD358D-E50E-45C8-A1CB-5BB71C66477C}
	EndGlobalSection
EndGlobal
