
Microsoft Visual Studio Solution File, Format Version 12.00
# Visual Studio Version 16
VisualStudioVersion = 16.0.31613.86
MinimumVisualStudioVersion = 10.0.40219.1
Project("{FAE04EC0-301F-11D3-BF4B-00C04F79EFBC}") = "MyStructure", "MyStructure\MyStructure.csproj", "{07AE680D-EF16-4267-91D3-222720383157}"
EndProject
Global
	GlobalSection(SolutionConfigurationPlatforms) = preSolution
		Debug|Any CPU = Debug|Any CPU
		Release|Any CPU = Release|Any CPU
	EndGlobalSection
	GlobalSection(ProjectConfigurationPlatforms) = postSolution
		{07AE680D-EF16-4267-91D3-222720383157}.Debug|Any CPU.ActiveCfg = Debug|Any CPU
		{07AE680D-EF16-4267-91D3-222720383157}.Debug|Any CPU.Build.0 = Debug|Any CPU
		{07AE680D-EF16-4267-91D3-222720383157}.Release|Any CPU.ActiveCfg = Release|Any CPU
		{07AE680D-EF16-4267-91D3-222720383157}.Release|Any CPU.Build.0 = Release|Any CPU
	EndGlobalSection
	GlobalSection(SolutionProperties) = preSolution
		HideSolutionNode = FALSE
	EndGlobalSection
	GlobalSection(ExtensibilityGlobals) = postSolution
		SolutionGuid = {BDEBE5AA-D3CE-47DD-B128-220072EE2773}
	EndGlobalSection
EndGlobal
