
Microsoft Visual Studio Solution File, Format Version 12.00
# Visual Studio Version 16
VisualStudioVersion = 16.0.30128.74
MinimumVisualStudioVersion = 10.0.40219.1
Project("{FAE04EC0-301F-11D3-BF4B-00C04F79EFBC}") = "GlobalExceptionHandlerDemo", "GlobalExceptionHandlerDemo\GlobalExceptionHandlerDemo.csproj", "{C98507C3-79BD-47BC-A2C9-70EF6D2EB6CA}"
EndProject
Global
	GlobalSection(SolutionConfigurationPlatforms) = preSolution
		Debug|Any CPU = Debug|Any CPU
		Release|Any CPU = Release|Any CPU
	EndGlobalSection
	GlobalSection(ProjectConfigurationPlatforms) = postSolution
		{C98507C3-79BD-47BC-A2C9-70EF6D2EB6CA}.Debug|Any CPU.ActiveCfg = Debug|Any CPU
		{C98507C3-79BD-47BC-A2C9-70EF6D2EB6CA}.Debug|Any CPU.Build.0 = Debug|Any CPU
		{C98507C3-79BD-47BC-A2C9-70EF6D2EB6CA}.Release|Any CPU.ActiveCfg = Release|Any CPU
		{C98507C3-79BD-47BC-A2C9-70EF6D2EB6CA}.Release|Any CPU.Build.0 = Release|Any CPU
	EndGlobalSection
	GlobalSection(SolutionProperties) = preSolution
		HideSolutionNode = FALSE
	EndGlobalSection
	GlobalSection(ExtensibilityGlobals) = postSolution
		SolutionGuid = {E4782F4A-5F41-4538-BC6D-F897E8A3611C}
	EndGlobalSection
EndGlobal
